// !$*UTF8*$!
{
	archiveVersion = 1;
	classes = {
	};
	objectVersion = 55;
	objects = {

/* Begin PBXBuildFile section */
		5F0825F92870264B0098AF75 /* AppDelegate.swift in Sources */ = {isa = PBXBuildFile; fileRef = 5F0825F82870264B0098AF75 /* AppDelegate.swift */; };
		5F0825FB2870264B0098AF75 /* SceneDelegate.swift in Sources */ = {isa = PBXBuildFile; fileRef = 5F0825FA2870264B0098AF75 /* SceneDelegate.swift */; };
		5F0825FD2870264B0098AF75 /* ViewController.swift in Sources */ = {isa = PBXBuildFile; fileRef = 5F0825FC2870264B0098AF75 /* ViewController.swift */; };
		5F0826002870264B0098AF75 /* Main.storyboard in Resources */ = {isa = PBXBuildFile; fileRef = 5F0825FE2870264B0098AF75 /* Main.storyboard */; };
		5F0826022870264C0098AF75 /* Assets.xcassets in Resources */ = {isa = PBXBuildFile; fileRef = 5F0826012870264C0098AF75 /* Assets.xcassets */; };
		5F0826052870264C0098AF75 /* LaunchScreen.storyboard in Resources */ = {isa = PBXBuildFile; fileRef = 5F0826032870264C0098AF75 /* LaunchScreen.storyboard */; };
		5F0826102870264C0098AF75 /* sendDataCellTests.swift in Sources */ = {isa = PBXBuildFile; fileRef = 5F08260F2870264C0098AF75 /* sendDataCellTests.swift */; };
		5F08261A2870264C0098AF75 /* sendDataCellUITests.swift in Sources */ = {isa = PBXBuildFile; fileRef = 5F0826192870264C0098AF75 /* sendDataCellUITests.swift */; };
		5F08261C2870264C0098AF75 /* sendDataCellUITestsLaunchTests.swift in Sources */ = {isa = PBXBuildFile; fileRef = 5F08261B2870264C0098AF75 /* sendDataCellUITestsLaunchTests.swift */; };
		5F08262B28702A620098AF75 /* buttonCellTableViewCell.swift in Sources */ = {isa = PBXBuildFile; fileRef = 5F08262928702A620098AF75 /* buttonCellTableViewCell.swift */; };
		5F08262C28702A620098AF75 /* buttonCellTableViewCell.xib in Resources */ = {isa = PBXBuildFile; fileRef = 5F08262A28702A620098AF75 /* buttonCellTableViewCell.xib */; };
		5F08262E28702F6F0098AF75 /* AViewController.swift in Sources */ = {isa = PBXBuildFile; fileRef = 5F08262D28702F6F0098AF75 /* AViewController.swift */; };
		5F08263028702F790098AF75 /* BViewController.swift in Sources */ = {isa = PBXBuildFile; fileRef = 5F08262F28702F790098AF75 /* BViewController.swift */; };
/* End PBXBuildFile section */

/* Begin PBXContainerItemProxy section */
		5F08260C2870264C0098AF75 /* PBXContainerItemProxy */ = {
			isa = PBXContainerItemProxy;
			containerPortal = 5F0825ED2870264B0098AF75 /* Project object */;
			proxyType = 1;
			remoteGlobalIDString = 5F0825F42870264B0098AF75;
			remoteInfo = sendDataCell;
		};
		5F0826162870264C0098AF75 /* PBXContainerItemProxy */ = {
			isa = PBXContainerItemProxy;
			containerPortal = 5F0825ED2870264B0098AF75 /* Project object */;
			proxyType = 1;
			remoteGlobalIDString = 5F0825F42870264B0098AF75;
			remoteInfo = sendDataCell;
		};
/* End PBXContainerItemProxy section */

/* Begin PBXFileReference section */
		5F0825F52870264B0098AF75 /* sendDataCell.app */ = {isa = PBXFileReference; explicitFileType = wrapper.application; includeInIndex = 0; path = sendDataCell.app; sourceTree = BUILT_PRODUCTS_DIR; };
		5F0825F82870264B0098AF75 /* AppDelegate.swift */ = {isa = PBXFileReference; lastKnownFileType = sourcecode.swift; path = AppDelegate.swift; sourceTree = "<group>"; };
		5F0825FA2870264B0098AF75 /* SceneDelegate.swift */ = {isa = PBXFileReference; lastKnownFileType = sourcecode.swift; path = SceneDelegate.swift; sourceTree = "<group>"; };
		5F0825FC2870264B0098AF75 /* ViewController.swift */ = {isa = PBXFileReference; lastKnownFileType = sourcecode.swift; path = ViewController.swift; sourceTree = "<group>"; };
		5F0825FF2870264B0098AF75 /* Base */ = {isa = PBXFileReference; lastKnownFileType = file.storyboard; name = Base; path = Base.lproj/Main.storyboard; sourceTree = "<group>"; };
		5F0826012870264C0098AF75 /* Assets.xcassets */ = {isa = PBXFileReference; lastKnownFileType = folder.assetcatalog; path = Assets.xcassets; sourceTree = "<group>"; };
		5F0826042870264C0098AF75 /* Base */ = {isa = PBXFileReference; lastKnownFileType = file.storyboard; name = Base; path = Base.lproj/LaunchScreen.storyboard; sourceTree = "<group>"; };
		5F0826062870264C0098AF75 /* Info.plist */ = {isa = PBXFileReference; lastKnownFileType = text.plist.xml; path = Info.plist; sourceTree = "<group>"; };
		5F08260B2870264C0098AF75 /* sendDataCellTests.xctest */ = {isa = PBXFileReference; explicitFileType = wrapper.cfbundle; includeInIndex = 0; path = sendDataCellTests.xctest; sourceTree = BUILT_PRODUCTS_DIR; };
		5F08260F2870264C0098AF75 /* sendDataCellTests.swift */ = {isa = PBXFileReference; lastKnownFileType = sourcecode.swift; path = sendDataCellTests.swift; sourceTree = "<group>"; };
		5F0826152870264C0098AF75 /* sendDataCellUITests.xctest */ = {isa = PBXFileReference; explicitFileType = wrapper.cfbundle; includeInIndex = 0; path = sendDataCellUITests.xctest; sourceTree = BUILT_PRODUCTS_DIR; };
		5F0826192870264C0098AF75 /* sendDataCellUITests.swift */ = {isa = PBXFileReference; lastKnownFileType = sourcecode.swift; path = sendDataCellUITests.swift; sourceTree = "<group>"; };
		5F08261B2870264C0098AF75 /* sendDataCellUITestsLaunchTests.swift */ = {isa = PBXFileReference; lastKnownFileType = sourcecode.swift; path = sendDataCellUITestsLaunchTests.swift; sourceTree = "<group>"; };
		5F08262928702A620098AF75 /* buttonCellTableViewCell.swift */ = {isa = PBXFileReference; lastKnownFileType = sourcecode.swift; path = buttonCellTableViewCell.swift; sourceTree = "<group>"; };
		5F08262A28702A620098AF75 /* buttonCellTableViewCell.xib */ = {isa = PBXFileReference; lastKnownFileType = file.xib; path = buttonCellTableViewCell.xib; sourceTree = "<group>"; };
		5F08262D28702F6F0098AF75 /* AViewController.swift */ = {isa = PBXFileReference; lastKnownFileType = sourcecode.swift; path = AViewController.swift; sourceTree = "<group>"; };
		5F08262F28702F790098AF75 /* BViewController.swift */ = {isa = PBXFileReference; lastKnownFileType = sourcecode.swift; path = BViewController.swift; sourceTree = "<group>"; };
/* End PBXFileReference section */

/* Begin PBXFrameworksBuildPhase section */
		5F0825F22870264B0098AF75 /* Frameworks */ = {
			isa = PBXFrameworksBuildPhase;
			buildActionMask = 2147483647;
			files = (
			);
			runOnlyForDeploymentPostprocessing = 0;
		};
		5F0826082870264C0098AF75 /* Frameworks */ = {
			isa = PBXFrameworksBuildPhase;
			buildActionMask = 2147483647;
			files = (
			);
			runOnlyForDeploymentPostprocessing = 0;
		};
		5F0826122870264C0098AF75 /* Frameworks */ = {
			isa = PBXFrameworksBuildPhase;
			buildActionMask = 2147483647;
			files = (
			);
			runOnlyForDeploymentPostprocessing = 0;
		};
/* End PBXFrameworksBuildPhase section */

/* Begin PBXGroup section */
		5F0825EC2870264B0098AF75 = {
			isa = PBXGroup;
			children = (
				5F0825F72870264B0098AF75 /* sendDataCell */,
				5F08260E2870264C0098AF75 /* sendDataCellTests */,
				5F0826182870264C0098AF75 /* sendDataCellUITests */,
				5F0825F62870264B0098AF75 /* Products */,
			);
			sourceTree = "<group>";
		};
		5F0825F62870264B0098AF75 /* Products */ = {
			isa = PBXGroup;
			children = (
				5F0825F52870264B0098AF75 /* sendDataCell.app */,
				5F08260B2870264C0098AF75 /* sendDataCellTests.xctest */,
				5F0826152870264C0098AF75 /* sendDataCellUITests.xctest */,
			);
			name = Products;
			sourceTree = "<group>";
		};
		5F0825F72870264B0098AF75 /* sendDataCell */ = {
			isa = PBXGroup;
			children = (
				5F08262828702A460098AF75 /* Cell */,
				5F0825F82870264B0098AF75 /* AppDelegate.swift */,
				5F0825FA2870264B0098AF75 /* SceneDelegate.swift */,
				5F0825FC2870264B0098AF75 /* ViewController.swift */,
				5F0825FE2870264B0098AF75 /* Main.storyboard */,
				5F0826012870264C0098AF75 /* Assets.xcassets */,
				5F0826032870264C0098AF75 /* LaunchScreen.storyboard */,
				5F0826062870264C0098AF75 /* Info.plist */,
				5F08262D28702F6F0098AF75 /* AViewController.swift */,
				5F08262F28702F790098AF75 /* BViewController.swift */,
			);
			path = sendDataCell;
			sourceTree = "<group>";
		};
		5F08260E2870264C0098AF75 /* sendDataCellTests */ = {
			isa = PBXGroup;
			children = (
				5F08260F2870264C0098AF75 /* sendDataCellTests.swift */,
			);
			path = sendDataCellTests;
			sourceTree = "<group>";
		};
		5F0826182870264C0098AF75 /* sendDataCellUITests */ = {
			isa = PBXGroup;
			children = (
				5F0826192870264C0098AF75 /* sendDataCellUITests.swift */,
				5F08261B2870264C0098AF75 /* sendDataCellUITestsLaunchTests.swift */,
			);
			path = sendDataCellUITests;
			sourceTree = "<group>";
		};
		5F08262828702A460098AF75 /* Cell */ = {
			isa = PBXGroup;
			children = (
				5F08262928702A620098AF75 /* buttonCellTableViewCell.swift */,
				5F08262A28702A620098AF75 /* buttonCellTableViewCell.xib */,
			);
			path = Cell;
			sourceTree = "<group>";
		};
/* End PBXGroup section */

/* Begin PBXNativeTarget section */
		5F0825F42870264B0098AF75 /* sendDataCell */ = {
			isa = PBXNativeTarget;
			buildConfigurationList = 5F08261F2870264C0098AF75 /* Build configuration list for PBXNativeTarget "sendDataCell" */;
			buildPhases = (
				5F0825F12870264B0098AF75 /* Sources */,
				5F0825F22870264B0098AF75 /* Frameworks */,
				5F0825F32870264B0098AF75 /* Resources */,
			);
			buildRules = (
			);
			dependencies = (
			);
			name = sendDataCell;
			productName = sendDataCell;
			productReference = 5F0825F52870264B0098AF75 /* sendDataCell.app */;
			productType = "com.apple.product-type.application";
		};
		5F08260A2870264C0098AF75 /* sendDataCellTests */ = {
			isa = PBXNativeTarget;
			buildConfigurationList = 5F0826222870264C0098AF75 /* Build configuration list for PBXNativeTarget "sendDataCellTests" */;
			buildPhases = (
				5F0826072870264C0098AF75 /* Sources */,
				5F0826082870264C0098AF75 /* Frameworks */,
				5F0826092870264C0098AF75 /* Resources */,
			);
			buildRules = (
			);
			dependencies = (
				5F08260D2870264C0098AF75 /* PBXTargetDependency */,
			);
			name = sendDataCellTests;
			productName = sendDataCellTests;
			productReference = 5F08260B2870264C0098AF75 /* sendDataCellTests.xctest */;
			productType = "com.apple.product-type.bundle.unit-test";
		};
		5F0826142870264C0098AF75 /* sendDataCellUITests */ = {
			isa = PBXNativeTarget;
			buildConfigurationList = 5F0826252870264C0098AF75 /* Build configuration list for PBXNativeTarget "sendDataCellUITests" */;
			buildPhases = (
				5F0826112870264C0098AF75 /* Sources */,
				5F0826122870264C0098AF75 /* Frameworks */,
				5F0826132870264C0098AF75 /* Resources */,
			);
			buildRules = (
			);
			dependencies = (
				5F0826172870264C0098AF75 /* PBXTargetDependency */,
			);
			name = sendDataCellUITests;
			productName = sendDataCellUITests;
			productReference = 5F0826152870264C0098AF75 /* sendDataCellUITests.xctest */;
			productType = "com.apple.product-type.bundle.ui-testing";
		};
/* End PBXNativeTarget section */

/* Begin PBXProject section */
		5F0825ED2870264B0098AF75 /* Project object */ = {
			isa = PBXProject;
			attributes = {
				BuildIndependentTargetsInParallel = 1;
				LastSwiftUpdateCheck = 1340;
				LastUpgradeCheck = 1340;
				TargetAttributes = {
					5F0825F42870264B0098AF75 = {
						CreatedOnToolsVersion = 13.4.1;
					};
					5F08260A2870264C0098AF75 = {
						CreatedOnToolsVersion = 13.4.1;
						TestTargetID = 5F0825F42870264B0098AF75;
					};
					5F0826142870264C0098AF75 = {
						CreatedOnToolsVersion = 13.4.1;
						TestTargetID = 5F0825F42870264B0098AF75;
					};
				};
			};
			buildConfigurationList = 5F0825F02870264B0098AF75 /* Build configuration list for PBXProject "sendDataCell" */;
			compatibilityVersion = "Xcode 13.0";
			developmentRegion = en;
			hasScannedForEncodings = 0;
			knownRegions = (
				en,
				Base,
			);
			mainGroup = 5F0825EC2870264B0098AF75;
			productRefGroup = 5F0825F62870264B0098AF75 /* Products */;
			projectDirPath = "";
			projectRoot = "";
			targets = (
				5F0825F42870264B0098AF75 /* sendDataCell */,
				5F08260A2870264C0098AF75 /* sendDataCellTests */,
				5F0826142870264C0098AF75 /* sendDataCellUITests */,
			);
		};
/* End PBXProject section */

/* Begin PBXResourcesBuildPhase section */
		5F0825F32870264B0098AF75 /* Resources */ = {
			isa = PBXResourcesBuildPhase;
			buildActionMask = 2147483647;
			files = (
				5F0826052870264C0098AF75 /* LaunchScreen.storyboard in Resources */,
				5F0826022870264C0098AF75 /* Assets.xcassets in Resources */,
				5F0826002870264B0098AF75 /* Main.storyboard in Resources */,
				5F08262C28702A620098AF75 /* buttonCellTableViewCell.xib in Resources */,
			);
			runOnlyForDeploymentPostprocessing = 0;
		};
		5F0826092870264C0098AF75 /* Resources */ = {
			isa = PBXResourcesBuildPhase;
			buildActionMask = 2147483647;
			files = (
			);
			runOnlyForDeploymentPostprocessing = 0;
		};
		5F0826132870264C0098AF75 /* Resources */ = {
			isa = PBXResourcesBuildPhase;
			buildActionMask = 2147483647;
			files = (
			);
			runOnlyForDeploymentPostprocessing = 0;
		};
/* End PBXResourcesBuildPhase section */

/* Begin PBXSourcesBuildPhase section */
		5F0825F12870264B0098AF75 /* Sources */ = {
			isa = PBXSourcesBuildPhase;
			buildActionMask = 2147483647;
			files = (
				5F0825FD2870264B0098AF75 /* ViewController.swift in Sources */,
				5F08263028702F790098AF75 /* BViewController.swift in Sources */,
				5F0825F92870264B0098AF75 /* AppDelegate.swift in Sources */,
				5F0825FB2870264B0098AF75 /* SceneDelegate.swift in Sources */,
				5F08262B28702A620098AF75 /* buttonCellTableViewCell.swift in Sources */,
				5F08262E28702F6F0098AF75 /* AViewController.swift in Sources */,
			);
			runOnlyForDeploymentPostprocessing = 0;
		};
		5F0826072870264C0098AF75 /* Sources */ = {
			isa = PBXSourcesBuildPhase;
			buildActionMask = 2147483647;
			files = (
				5F0826102870264C0098AF75 /* sendDataCellTests.swift in Sources */,
			);
			runOnlyForDeploymentPostprocessing = 0;
		};
		5F0826112870264C0098AF75 /* Sources */ = {
			isa = PBXSourcesBuildPhase;
			buildActionMask = 2147483647;
			files = (
				5F08261C2870264C0098AF75 /* sendDataCellUITestsLaunchTests.swift in Sources */,
				5F08261A2870264C0098AF75 /* sendDataCellUITests.swift in Sources */,
			);
			runOnlyForDeploymentPostprocessing = 0;
		};
/* End PBXSourcesBuildPhase section */

/* Begin PBXTargetDependency section */
		5F08260D2870264C0098AF75 /* PBXTargetDependency */ = {
			isa = PBXTargetDependency;
			target = 5F0825F42870264B0098AF75 /* sendDataCell */;
			targetProxy = 5F08260C2870264C0098AF75 /* PBXContainerItemProxy */;
		};
		5F0826172870264C0098AF75 /* PBXTargetDependency */ = {
			isa = PBXTargetDependency;
			target = 5F0825F42870264B0098AF75 /* sendDataCell */;
			targetProxy = 5F0826162870264C0098AF75 /* PBXContainerItemProxy */;
		};
/* End PBXTargetDependency section */

/* Begin PBXVariantGroup section */
		5F0825FE2870264B0098AF75 /* Main.storyboard */ = {
			isa = PBXVariantGroup;
			children = (
				5F0825FF2870264B0098AF75 /* Base */,
			);
			name = Main.storyboard;
			sourceTree = "<group>";
		};
		5F0826032870264C0098AF75 /* LaunchScreen.storyboard */ = {
			isa = PBXVariantGroup;
			children = (
				5F0826042870264C0098AF75 /* Base */,
			);
			name = LaunchScreen.storyboard;
			sourceTree = "<group>";
		};
/* End PBXVariantGroup section */

/* Begin XCBuildConfiguration section */
		5F08261D2870264C0098AF75 /* Debug */ = {
			isa = XCBuildConfiguration;
			buildSettings = {
				ALWAYS_SEARCH_USER_PATHS = NO;
				CLANG_ANALYZER_NONNULL = YES;
				CLANG_ANALYZER_NUMBER_OBJECT_CONVERSION = YES_AGGRESSIVE;
				CLANG_CXX_LANGUAGE_STANDARD = "gnu++17";
				CLANG_ENABLE_MODULES = YES;
				CLANG_ENABLE_OBJC_ARC = YES;
				CLANG_ENABLE_OBJC_WEAK = YES;
				CLANG_WARN_BLOCK_CAPTURE_AUTORELEASING = YES;
				CLANG_WARN_BOOL_CONVERSION = YES;
				CLANG_WARN_COMMA = YES;
				CLANG_WARN_CONSTANT_CONVERSION = YES;
				CLANG_WARN_DEPRECATED_OBJC_IMPLEMENTATIONS = YES;
				CLANG_WARN_DIRECT_OBJC_ISA_USAGE = YES_ERROR;
				CLANG_WARN_DOCUMENTATION_COMMENTS = YES;
				CLANG_WARN_EMPTY_BODY = YES;
				CLANG_WARN_ENUM_CONVERSION = YES;
				CLANG_WARN_INFINITE_RECURSION = YES;
				CLANG_WARN_INT_CONVERSION = YES;
				CLANG_WARN_NON_LITERAL_NULL_CONVERSION = YES;
				CLANG_WARN_OBJC_IMPLICIT_RETAIN_SELF = YES;
				CLANG_WARN_OBJC_LITERAL_CONVERSION = YES;
				CLANG_WARN_OBJC_ROOT_CLASS = YES_ERROR;
				CLANG_WARN_QUOTED_INCLUDE_IN_FRAMEWORK_HEADER = YES;
				CLANG_WARN_RANGE_LOOP_ANALYSIS = YES;
				CLANG_WARN_STRICT_PROTOTYPES = YES;
				CLANG_WARN_SUSPICIOUS_MOVE = YES;
				CLANG_WARN_UNGUARDED_AVAILABILITY = YES_AGGRESSIVE;
				CLANG_WARN_UNREACHABLE_CODE = YES;
				CLANG_WARN__DUPLICATE_METHOD_MATCH = YES;
				COPY_PHASE_STRIP = NO;
				DEBUG_INFORMATION_FORMAT = dwarf;
				ENABLE_STRICT_OBJC_MSGSEND = YES;
				ENABLE_TESTABILITY = YES;
				GCC_C_LANGUAGE_STANDARD = gnu11;
				GCC_DYNAMIC_NO_PIC = NO;
				GCC_NO_COMMON_BLOCKS = YES;
				GCC_OPTIMIZATION_LEVEL = 0;
				GCC_PREPROCESSOR_DEFINITIONS = (
					"DEBUG=1",
					"$(inherited)",
				);
				GCC_WARN_64_TO_32_BIT_CONVERSION = YES;
				GCC_WARN_ABOUT_RETURN_TYPE = YES_ERROR;
				GCC_WARN_UNDECLARED_SELECTOR = YES;
				GCC_WARN_UNINITIALIZED_AUTOS = YES_AGGRESSIVE;
				GCC_WARN_UNUSED_FUNCTION = YES;
				GCC_WARN_UNUSED_VARIABLE = YES;
				IPHONEOS_DEPLOYMENT_TARGET = 15.5;
				MTL_ENABLE_DEBUG_INFO = INCLUDE_SOURCE;
				MTL_FAST_MATH = YES;
				ONLY_ACTIVE_ARCH = YES;
				SDKROOT = iphoneos;
				SWIFT_ACTIVE_COMPILATION_CONDITIONS = DEBUG;
				SWIFT_OPTIMIZATION_LEVEL = "-Onone";
			};
			name = Debug;
		};
		5F08261E2870264C0098AF75 /* Release */ = {
			isa = XCBuildConfiguration;
			buildSettings = {
				ALWAYS_SEARCH_USER_PATHS = NO;
				CLANG_ANALYZER_NONNULL = YES;
				CLANG_ANALYZER_NUMBER_OBJECT_CONVERSION = YES_AGGRESSIVE;
				CLANG_CXX_LANGUAGE_STANDARD = "gnu++17";
				CLANG_ENABLE_MODULES = YES;
				CLANG_ENABLE_OBJC_ARC = YES;
				CLANG_ENABLE_OBJC_WEAK = YES;
				CLANG_WARN_BLOCK_CAPTURE_AUTORELEASING = YES;
				CLANG_WARN_BOOL_CONVERSION = YES;
				CLANG_WARN_COMMA = YES;
				CLANG_WARN_CONSTANT_CONVERSION = YES;
				CLANG_WARN_DEPRECATED_OBJC_IMPLEMENTATIONS = YES;
				CLANG_WARN_DIRECT_OBJC_ISA_USAGE = YES_ERROR;
				CLANG_WARN_DOCUMENTATION_COMMENTS = YES;
				CLANG_WARN_EMPTY_BODY = YES;
				CLANG_WARN_ENUM_CONVERSION = YES;
				CLANG_WARN_INFINITE_RECURSION = YES;
				CLANG_WARN_INT_CONVERSION = YES;
				CLANG_WARN_NON_LITERAL_NULL_CONVERSION = YES;
				CLANG_WARN_OBJC_IMPLICIT_RETAIN_SELF = YES;
				CLANG_WARN_OBJC_LITERAL_CONVERSION = YES;
				CLANG_WARN_OBJC_ROOT_CLASS = YES_ERROR;
				CLANG_WARN_QUOTED_INCLUDE_IN_FRAMEWORK_HEADER = YES;
				CLANG_WARN_RANGE_LOOP_ANALYSIS = YES;
				CLANG_WARN_STRICT_PROTOTYPES = YES;
				CLANG_WARN_SUSPICIOUS_MOVE = YES;
				CLANG_WARN_UNGUARDED_AVAILABILITY = YES_AGGRESSIVE;
				CLANG_WARN_UNREACHABLE_CODE = YES;
				CLANG_WARN__DUPLICATE_METHOD_MATCH = YES;
				COPY_PHASE_STRIP = NO;
				DEBUG_INFORMATION_FORMAT = "dwarf-with-dsym";
				ENABLE_NS_ASSERTIONS = NO;
				ENABLE_STRICT_OBJC_MSGSEND = YES;
				GCC_C_LANGUAGE_STANDARD = gnu11;
				GCC_NO_COMMON_BLOCKS = YES;
				GCC_WARN_64_TO_32_BIT_CONVERSION = YES;
				GCC_WARN_ABOUT_RETURN_TYPE = YES_ERROR;
				GCC_WARN_UNDECLARED_SELECTOR = YES;
				GCC_WARN_UNINITIALIZED_AUTOS = YES_AGGRESSIVE;
				GCC_WARN_UNUSED_FUNCTION = YES;
				GCC_WARN_UNUSED_VARIABLE = YES;
				IPHONEOS_DEPLOYMENT_TARGET = 15.5;
				MTL_ENABLE_DEBUG_INFO = NO;
				MTL_FAST_MATH = YES;
				SDKROOT = iphoneos;
				SWIFT_COMPILATION_MODE = wholemodule;
				SWIFT_OPTIMIZATION_LEVEL = "-O";
				VALIDATE_PRODUCT = YES;
			};
			name = Release;
		};
		5F0826202870264C0098AF75 /* Debug */ = {
			isa = XCBuildConfiguration;
			buildSettings = {
				ASSETCATALOG_COMPILER_APPICON_NAME = AppIcon;
				ASSETCATALOG_COMPILER_GLOBAL_ACCENT_COLOR_NAME = AccentColor;
				CODE_SIGN_STYLE = Automatic;
				CURRENT_PROJECT_VERSION = 1;
				DEVELOPMENT_TEAM = 74W4KWPA75;
				GENERATE_INFOPLIST_FILE = YES;
				INFOPLIST_FILE = sendDataCell/Info.plist;
				INFOPLIST_KEY_UIApplicationSupportsIndirectInputEvents = YES;
				INFOPLIST_KEY_UILaunchStoryboardName = LaunchScreen;
				INFOPLIST_KEY_UIMainStoryboardFile = Main;
				INFOPLIST_KEY_UISupportedInterfaceOrientations_iPad = "UIInterfaceOrientationPortrait UIInterfaceOrientationPortraitUpsideDown UIInterfaceOrientationLandscapeLeft UIInterfaceOrientationLandscapeRight";
				INFOPLIST_KEY_UISupportedInterfaceOrientations_iPhone = "UIInterfaceOrientationPortrait UIInterfaceOrientationLandscapeLeft UIInterfaceOrientationLandscapeRight";
				LD_RUNPATH_SEARCH_PATHS = (
					"$(inherited)",
					"@executable_path/Frameworks",
				);
				MARKETING_VERSION = 1.0;
				PRODUCT_BUNDLE_IDENTIFIER = sajjadsarkoobi.sendDataCell;
				PRODUCT_NAME = "$(TARGET_NAME)";
				SWIFT_EMIT_LOC_STRINGS = YES;
				SWIFT_VERSION = 5.0;
				TARGETED_DEVICE_FAMILY = "1,2";
			};
			name = Debug;
		};
		5F0826212870264C0098AF75 /* Release */ = {
			isa = XCBuildConfiguration;
			buildSettings = {
				ASSETCATALOG_COMPILER_APPICON_NAME = AppIcon;
				ASSETCATALOG_COMPILER_GLOBAL_ACCENT_COLOR_NAME = AccentColor;
				CODE_SIGN_STYLE = Automatic;
				CURRENT_PROJECT_VERSION = 1;
				DEVELOPMENT_TEAM = 74W4KWPA75;
				GENERATE_INFOPLIST_FILE = YES;
				INFOPLIST_FILE = sendDataCell/Info.plist;
				INFOPLIST_KEY_UIApplicationSupportsIndirectInputEvents = YES;
				INFOPLIST_KEY_UILaunchStoryboardName = LaunchScreen;
				INFOPLIST_KEY_UIMainStoryboardFile = Main;
				INFOPLIST_KEY_UISupportedInterfaceOrientations_iPad = "UIInterfaceOrientationPortrait UIInterfaceOrientationPortraitUpsideDown UIInterfaceOrientationLandscapeLeft UIInterfaceOrientationLandscapeRight";
				INFOPLIST_KEY_UISupportedInterfaceOrientations_iPhone = "UIInterfaceOrientationPortrait UIInterfaceOrientationLandscapeLeft UIInterfaceOrientationLandscapeRight";
				LD_RUNPATH_SEARCH_PATHS = (
					"$(inherited)",
					"@executable_path/Frameworks",
				);
				MARKETING_VERSION = 1.0;
				PRODUCT_BUNDLE_IDENTIFIER = sajjadsarkoobi.sendDataCell;
				PRODUCT_NAME = "$(TARGET_NAME)";
				SWIFT_EMIT_LOC_STRINGS = YES;
				SWIFT_VERSION = 5.0;
				TARGETED_DEVICE_FAMILY = "1,2";
			};
			name = Release;
		};
		5F0826232870264C0098AF75 /* Debug */ = {
			isa = XCBuildConfiguration;
			buildSettings = {
				ALWAYS_EMBED_SWIFT_STANDARD_LIBRARIES = YES;
				BUNDLE_LOADER = "$(TEST_HOST)";
				CODE_SIGN_STYLE = Automatic;
				CURRENT_PROJECT_VERSION = 1;
				DEVELOPMENT_TEAM = 74W4KWPA75;
				GENERATE_INFOPLIST_FILE = YES;
				IPHONEOS_DEPLOYMENT_TARGET = 15.5;
				MARKETING_VERSION = 1.0;
				PRODUCT_BUNDLE_IDENTIFIER = sajjadsarkoobi.sendDataCellTests;
				PRODUCT_NAME = "$(TARGET_NAME)";
				SWIFT_EMIT_LOC_STRINGS = NO;
				SWIFT_VERSION = 5.0;
				TARGETED_DEVICE_FAMILY = "1,2";
				TEST_HOST = "$(BUILT_PRODUCTS_DIR)/sendDataCell.app/sendDataCell";
			};
			name = Debug;
		};
		5F0826242870264C0098AF75 /* Release */ = {
			isa = XCBuildConfiguration;
			buildSettings = {
				ALWAYS_EMBED_SWIFT_STANDARD_LIBRARIES = YES;
				BUNDLE_LOADER = "$(TEST_HOST)";
				CODE_SIGN_STYLE = Automatic;
				CURRENT_PROJECT_VERSION = 1;
				DEVELOPMENT_TEAM = 74W4KWPA75;
				GENERATE_INFOPLIST_FILE = YES;
				IPHONEOS_DEPLOYMENT_TARGET = 15.5;
				MARKETING_VERSION = 1.0;
				PRODUCT_BUNDLE_IDENTIFIER = sajjadsarkoobi.sendDataCellTests;
				PRODUCT_NAME = "$(TARGET_NAME)";
				SWIFT_EMIT_LOC_STRINGS = NO;
				SWIFT_VERSION = 5.0;
				TARGETED_DEVICE_FAMILY = "1,2";
				TEST_HOST = "$(BUILT_PRODUCTS_DIR)/sendDataCell.app/sendDataCell";
			};
			name = Release;
		};
		5F0826262870264C0098AF75 /* Debug */ = {
			isa = XCBuildConfiguration;
			buildSettings = {
				ALWAYS_EMBED_SWIFT_STANDARD_LIBRARIES = YES;
				CODE_SIGN_STYLE = Automatic;
				CURRENT_PROJECT_VERSION = 1;
				DEVELOPMENT_TEAM = 74W4KWPA75;
				GENERATE_INFOPLIST_FILE = YES;
				MARKETING_VERSION = 1.0;
				PRODUCT_BUNDLE_IDENTIFIER = sajjadsarkoobi.sendDataCellUITests;
				PRODUCT_NAME = "$(TARGET_NAME)";
				SWIFT_EMIT_LOC_STRINGS = NO;
				SWIFT_VERSION = 5.0;
				TARGETED_DEVICE_FAMILY = "1,2";
				TEST_TARGET_NAME = sendDataCell;
			};
			name = Debug;
		};
		5F0826272870264C0098AF75 /* Release */ = {
			isa = XCBuildConfiguration;
			buildSettings = {
				ALWAYS_EMBED_SWIFT_STANDARD_LIBRARIES = YES;
				CODE_SIGN_STYLE = Automatic;
				CURRENT_PROJECT_VERSION = 1;
				DEVELOPMENT_TEAM = 74W4KWPA75;
				GENERATE_INFOPLIST_FILE = YES;
				MARKETING_VERSION = 1.0;
				PRODUCT_BUNDLE_IDENTIFIER = sajjadsarkoobi.sendDataCellUITests;
				PRODUCT_NAME = "$(TARGET_NAME)";
				SWIFT_EMIT_LOC_STRINGS = NO;
				SWIFT_VERSION = 5.0;
				TARGETED_DEVICE_FAMILY = "1,2";
				TEST_TARGET_NAME = sendDataCell;
			};
			name = Release;
		};
/* End XCBuildConfiguration section */

/* Begin XCConfigurationList section */
		5F0825F02870264B0098AF75 /* Build configuration list for PBXProject "sendDataCell" */ = {
			isa = XCConfigurationList;
			buildConfigurations = (
				5F08261D2870264C0098AF75 /* Debug */,
				5F08261E2870264C0098AF75 /* Release */,
			);
			defaultConfigurationIsVisible = 0;
			defaultConfigurationName = Release;
		};
		5F08261F2870264C0098AF75 /* Build configuration list for PBXNativeTarget "sendDataCell" */ = {
			isa = XCConfigurationList;
			buildConfigurations = (
				5F0826202870264C0098AF75 /* Debug */,
				5F0826212870264C0098AF75 /* Release */,
			);
			defaultConfigurationIsVisible = 0;
			defaultConfigurationName = Release;
		};
		5F0826222870264C0098AF75 /* Build configuration list for PBXNativeTarget "sendDataCellTests" */ = {
			isa = XCConfigurationList;
			buildConfigurations = (
				5F0826232870264C0098AF75 /* Debug */,
				5F0826242870264C0098AF75 /* Release */,
			);
			defaultConfigurationIsVisible = 0;
			defaultConfigurationName = Release;
		};
		5F0826252870264C0098AF75 /* Build configuration list for PBXNativeTarget "sendDataCellUITests" */ = {
			isa = XCConfigurationList;
			buildConfigurations = (
				5F0826262870264C0098AF75 /* Debug */,
				5F0826272870264C0098AF75 /* Release */,
			);
			defaultConfigurationIsVisible = 0;
			defaultConfigurationName = Release;
		};
/* End XCConfigurationList section */
	};
	rootObject = 5F0825ED2870264B0098AF75 /* Project object */;
}
